
Microsoft Visual Studio Solution File, Format Version 12.00
# Visual Studio Version 17
VisualStudioVersion = 17.7.34202.233
MinimumVisualStudioVersion = 10.0.40219.1
Project("{2150E333-8FDC-42A3-9474-1A3956D46DE8}") = "1.Domain", "1.Domain", "{E408096B-33B3-4338-B65A-B76644DC4614}"
EndProject
Project("{2150E333-8FDC-42A3-9474-1A3956D46DE8}") = "2.Infrastructure", "2.Infrastructure", "{D537E72A-2429-4F78-A150-5B7F103D42F5}"
EndProject
Project("{2150E333-8FDC-42A3-9474-1A3956D46DE8}") = "3.Application", "3.Application", "{8330B1F8-3C45-43EF-B1CA-E3F4E153C4ED}"
EndProject
Project("{2150E333-8FDC-42A3-9474-1A3956D46DE8}") = "4.Presentation", "4.Presentation", "{539E6789-6831-4321-BF61-617A9FF6A88F}"
EndProject
Project("{9A19103F-16F7-4668-BE54-9A1E7A4F7556}") = "PuntosLeonisa.Products.Domain", "1.Domain\PuntosLeonisa.Products.Domain\PuntosLeonisa.Products.Domain.csproj", "{4533AABE-27E9-43FF-B5E7-24ACCFFEE000}"
EndProject
Project("{2150E333-8FDC-42A3-9474-1A3956D46DE8}") = "Common", "Common", "{5FE414C2-4E9C-40A7-AC1F-B8CD7C4335BF}"
EndProject
Project("{2150E333-8FDC-42A3-9474-1A3956D46DE8}") = "Persistence", "Persistence", "{7AD93F93-D9FE-48DB-8872-C2FAB1C7D6A8}"
EndProject
Project("{9A19103F-16F7-4668-BE54-9A1E7A4F7556}") = "PuntosLeonisa.infrastructure.Persistence", "2.Infrastructure\PuntosLeonisa.Infracture.Persistence.CosmoDb\PuntosLeonisa.infrastructure.Persistence.csproj", "{AA4F8EB6-B236-4130-88E2-0D57E078346B}"
EndProject
Project("{2150E333-8FDC-42A3-9474-1A3956D46DE8}") = "Core", "Core", "{A3744808-97B5-4028-A579-51FFC8F84F1A}"
EndProject
Project("{2150E333-8FDC-42A3-9474-1A3956D46DE8}") = "Solution Items", "Solution Items", "{F0F8C8FE-6E61-497A-938A-3B231CB635FE}"
	ProjectSection(SolutionItems) = preProject
		.editorconfig = .editorconfig
	EndProjectSection
EndProject
Project("{9A19103F-16F7-4668-BE54-9A1E7A4F7556}") = "Productos", "4.Presentation\Productos\Productos.csproj", "{B841F7CF-084C-4BC6-A7D4-01D470FA18FE}"
EndProject
Project("{9A19103F-16F7-4668-BE54-9A1E7A4F7556}") = "PuntosLeonisa.Products.Application", "3.Application\PuntosLeonisa.Products.Application\PuntosLeonisa.Products.Application.csproj", "{91601326-6A22-4948-B457-554A239679E1}"
EndProject
Project("{2150E333-8FDC-42A3-9474-1A3956D46DE8}") = "Core", "Core", "{B01ADB15-9860-474D-82C0-63A71E851CC3}"
EndProject
Project("{9A19103F-16F7-4668-BE54-9A1E7A4F7556}") = "PuntosLeonisa.Infrasctructure.Core", "2.Infrastructure\PuntosLeonisa.Infrasctructure.Core\PuntosLeonisa.Infrasctructure.Core.csproj", "{46CE46EC-74E1-4375-A017-AD5E74CD4529}"
EndProject
Project("{2150E333-8FDC-42A3-9474-1A3956D46DE8}") = "Repository", "Repository", "{5D5B1CA4-EC85-43DE-A437-7F1A06E19328}"
EndProject
Project("{9A19103F-16F7-4668-BE54-9A1E7A4F7556}") = "PuntosLeonisa.Domain.Core", "1.Domain\PuntosLeonisa.Domain.Core\PuntosLeonisa.Domain.Core.csproj", "{814E5F28-DC91-4A97-901C-316E8E073A46}"
EndProject
Project("{2150E333-8FDC-42A3-9474-1A3956D46DE8}") = "Context", "Context", "{2B22E872-1357-4732-9B68-3C008F7F0BDA}"
EndProject
Project("{2150E333-8FDC-42A3-9474-1A3956D46DE8}") = "Model", "Model", "{28089D02-93C3-44FB-B2BD-4D8C19E5B0BF}"
EndProject
Project("{9A19103F-16F7-4668-BE54-9A1E7A4F7556}") = "PuntosLeonisa.Products.Infrasctructure.Repositorie", "2.Infrastructure\PuntosLeonisa.Products.Infrasctructure.Repositorie\PuntosLeonisa.Products.Infrasctructure.Repositorie.csproj", "{BD840E64-E805-4C71-B941-DF02E9F1827A}"
EndProject
Project("{9A19103F-16F7-4668-BE54-9A1E7A4F7556}") = "PuntosLeonisa.Products.Infrasctructure.Common", "2.Infrastructure\PuntosLeonisa.Products.Infrasctructure.Common\PuntosLeonisa.Products.Infrasctructure.Common.csproj", "{D33E37D8-F9EA-4C2D-A7AF-0F56CDFB499B}"
EndProject
Project("{2150E333-8FDC-42A3-9474-1A3956D46DE8}") = "Core", "Core", "{F7E639DC-E501-4D75-A615-6B57EB10F956}"
EndProject
Project("{2150E333-8FDC-42A3-9474-1A3956D46DE8}") = "Appplication", "Appplication", "{137614D0-3EA5-432F-A99F-DD702A5C2427}"
EndProject
Project("{9A19103F-16F7-4668-BE54-9A1E7A4F7556}") = "PuntosLeonisa.Products.Application.Core", "3.Application\PuntosLeonisa.Products.Application.Core\PuntosLeonisa.Products.Application.Core.csproj", "{9239D92F-F240-49CC-8A8B-FB11AD4253CE}"
EndProject
Project("{2150E333-8FDC-42A3-9474-1A3956D46DE8}") = "ServicesDomain", "ServicesDomain", "{504B7CCA-412E-4363-BB03-B11114465D36}"
EndProject
Project("{9A19103F-16F7-4668-BE54-9A1E7A4F7556}") = "PuntosLeonisa.Products.Domain.Service", "1.Domain\PuntosLeonisa.Products.Domain.Service\PuntosLeonisa.Products.Domain.Service.csproj", "{4B4B1308-7F3B-4EA9-9187-FEC3447AB460}"
EndProject
Project("{2150E333-8FDC-42A3-9474-1A3956D46DE8}") = "ExternalService", "ExternalService", "{28622640-D088-4AF2-B9D7-50704B3EF21D}"
EndProject
Project("{FAE04EC0-301F-11D3-BF4B-00C04F79EFBC}") = "PuntosLeonisa.Fd.Infrastructure.ExternalService", "ProveedorExternalService.cs\PuntosLeonisa.Fd.Infrastructure.ExternalService.csproj", "{93560D96-C5A5-44A0-BB3A-ED312FB538B5}"
EndProject
Project("{2150E333-8FDC-42A3-9474-1A3956D46DE8}") = "Agents", "Agents", "{3ADEDBF3-7E34-4D02-913B-C2919BB0D855}"
EndProject
Project("{FAE04EC0-301F-11D3-BF4B-00C04F79EFBC}") = "PuntosLeonisa.Infraestructure.Core.Agent", "PuntosLeonisa.Infraestructure.Core.Agent\PuntosLeonisa.Infraestructure.Core.Agent.csproj", "{5DD128A5-D7B3-4A91-84DF-D0F4E4B86B4E}"
EndProject
Global
	GlobalSection(SolutionConfigurationPlatforms) = preSolution
		Debug|Any CPU = Debug|Any CPU
		Release|Any CPU = Release|Any CPU
	EndGlobalSection
	GlobalSection(ProjectConfigurationPlatforms) = postSolution
		{4533AABE-27E9-43FF-B5E7-24ACCFFEE000}.Debug|Any CPU.ActiveCfg = Debug|Any CPU
		{4533AABE-27E9-43FF-B5E7-24ACCFFEE000}.Debug|Any CPU.Build.0 = Debug|Any CPU
		{4533AABE-27E9-43FF-B5E7-24ACCFFEE000}.Release|Any CPU.ActiveCfg = Release|Any CPU
		{4533AABE-27E9-43FF-B5E7-24ACCFFEE000}.Release|Any CPU.Build.0 = Release|Any CPU
		{AA4F8EB6-B236-4130-88E2-0D57E078346B}.Debug|Any CPU.ActiveCfg = Debug|Any CPU
		{AA4F8EB6-B236-4130-88E2-0D57E078346B}.Debug|Any CPU.Build.0 = Debug|Any CPU
		{AA4F8EB6-B236-4130-88E2-0D57E078346B}.Release|Any CPU.ActiveCfg = Release|Any CPU
		{AA4F8EB6-B236-4130-88E2-0D57E078346B}.Release|Any CPU.Build.0 = Release|Any CPU
		{B841F7CF-084C-4BC6-A7D4-01D470FA18FE}.Debug|Any CPU.ActiveCfg = Debug|Any CPU
		{B841F7CF-084C-4BC6-A7D4-01D470FA18FE}.Debug|Any CPU.Build.0 = Debug|Any CPU
		{B841F7CF-084C-4BC6-A7D4-01D470FA18FE}.Release|Any CPU.ActiveCfg = Release|Any CPU
		{B841F7CF-084C-4BC6-A7D4-01D470FA18FE}.Release|Any CPU.Build.0 = Release|Any CPU
		{91601326-6A22-4948-B457-554A239679E1}.Debug|Any CPU.ActiveCfg = Debug|Any CPU
		{91601326-6A22-4948-B457-554A239679E1}.Debug|Any CPU.Build.0 = Debug|Any CPU
		{91601326-6A22-4948-B457-554A239679E1}.Release|Any CPU.ActiveCfg = Release|Any CPU
		{91601326-6A22-4948-B457-554A239679E1}.Release|Any CPU.Build.0 = Release|Any CPU
		{46CE46EC-74E1-4375-A017-AD5E74CD4529}.Debug|Any CPU.ActiveCfg = Debug|Any CPU
		{46CE46EC-74E1-4375-A017-AD5E74CD4529}.Debug|Any CPU.Build.0 = Debug|Any CPU
		{46CE46EC-74E1-4375-A017-AD5E74CD4529}.Release|Any CPU.ActiveCfg = Release|Any CPU
		{46CE46EC-74E1-4375-A017-AD5E74CD4529}.Release|Any CPU.Build.0 = Release|Any CPU
		{814E5F28-DC91-4A97-901C-316E8E073A46}.Debug|Any CPU.ActiveCfg = Debug|Any CPU
		{814E5F28-DC91-4A97-901C-316E8E073A46}.Debug|Any CPU.Build.0 = Debug|Any CPU
		{814E5F28-DC91-4A97-901C-316E8E073A46}.Release|Any CPU.ActiveCfg = Release|Any CPU
		{814E5F28-DC91-4A97-901C-316E8E073A46}.Release|Any CPU.Build.0 = Release|Any CPU
		{BD840E64-E805-4C71-B941-DF02E9F1827A}.Debug|Any CPU.ActiveCfg = Debug|Any CPU
		{BD840E64-E805-4C71-B941-DF02E9F1827A}.Debug|Any CPU.Build.0 = Debug|Any CPU
		{BD840E64-E805-4C71-B941-DF02E9F1827A}.Release|Any CPU.ActiveCfg = Release|Any CPU
		{BD840E64-E805-4C71-B941-DF02E9F1827A}.Release|Any CPU.Build.0 = Release|Any CPU
		{D33E37D8-F9EA-4C2D-A7AF-0F56CDFB499B}.Debug|Any CPU.ActiveCfg = Debug|Any CPU
		{D33E37D8-F9EA-4C2D-A7AF-0F56CDFB499B}.Debug|Any CPU.Build.0 = Debug|Any CPU
		{D33E37D8-F9EA-4C2D-A7AF-0F56CDFB499B}.Release|Any CPU.ActiveCfg = Release|Any CPU
		{D33E37D8-F9EA-4C2D-A7AF-0F56CDFB499B}.Release|Any CPU.Build.0 = Release|Any CPU
		{9239D92F-F240-49CC-8A8B-FB11AD4253CE}.Debug|Any CPU.ActiveCfg = Debug|Any CPU
		{9239D92F-F240-49CC-8A8B-FB11AD4253CE}.Debug|Any CPU.Build.0 = Debug|Any CPU
		{9239D92F-F240-49CC-8A8B-FB11AD4253CE}.Release|Any CPU.ActiveCfg = Release|Any CPU
		{9239D92F-F240-49CC-8A8B-FB11AD4253CE}.Release|Any CPU.Build.0 = Release|Any CPU
		{4B4B1308-7F3B-4EA9-9187-FEC3447AB460}.Debug|Any CPU.ActiveCfg = Debug|Any CPU
		{4B4B1308-7F3B-4EA9-9187-FEC3447AB460}.Debug|Any CPU.Build.0 = Debug|Any CPU
		{4B4B1308-7F3B-4EA9-9187-FEC3447AB460}.Release|Any CPU.ActiveCfg = Release|Any CPU
		{4B4B1308-7F3B-4EA9-9187-FEC3447AB460}.Release|Any CPU.Build.0 = Release|Any CPU
		{93560D96-C5A5-44A0-BB3A-ED312FB538B5}.Debug|Any CPU.ActiveCfg = Debug|Any CPU
		{93560D96-C5A5-44A0-BB3A-ED312FB538B5}.Debug|Any CPU.Build.0 = Debug|Any CPU
		{93560D96-C5A5-44A0-BB3A-ED312FB538B5}.Release|Any CPU.ActiveCfg = Release|Any CPU
		{93560D96-C5A5-44A0-BB3A-ED312FB538B5}.Release|Any CPU.Build.0 = Release|Any CPU
		{5DD128A5-D7B3-4A91-84DF-D0F4E4B86B4E}.Debug|Any CPU.ActiveCfg = Debug|Any CPU
		{5DD128A5-D7B3-4A91-84DF-D0F4E4B86B4E}.Debug|Any CPU.Build.0 = Debug|Any CPU
		{5DD128A5-D7B3-4A91-84DF-D0F4E4B86B4E}.Release|Any CPU.ActiveCfg = Release|Any CPU
		{5DD128A5-D7B3-4A91-84DF-D0F4E4B86B4E}.Release|Any CPU.Build.0 = Release|Any CPU
	EndGlobalSection
	GlobalSection(SolutionProperties) = preSolution
		HideSolutionNode = FALSE
	EndGlobalSection
	GlobalSection(NestedProjects) = preSolution
		{4533AABE-27E9-43FF-B5E7-24ACCFFEE000} = {28089D02-93C3-44FB-B2BD-4D8C19E5B0BF}
		{5FE414C2-4E9C-40A7-AC1F-B8CD7C4335BF} = {D537E72A-2429-4F78-A150-5B7F103D42F5}
		{7AD93F93-D9FE-48DB-8872-C2FAB1C7D6A8} = {D537E72A-2429-4F78-A150-5B7F103D42F5}
		{AA4F8EB6-B236-4130-88E2-0D57E078346B} = {2B22E872-1357-4732-9B68-3C008F7F0BDA}
		{A3744808-97B5-4028-A579-51FFC8F84F1A} = {E408096B-33B3-4338-B65A-B76644DC4614}
		{B841F7CF-084C-4BC6-A7D4-01D470FA18FE} = {539E6789-6831-4321-BF61-617A9FF6A88F}
		{91601326-6A22-4948-B457-554A239679E1} = {137614D0-3EA5-432F-A99F-DD702A5C2427}
		{B01ADB15-9860-474D-82C0-63A71E851CC3} = {D537E72A-2429-4F78-A150-5B7F103D42F5}
		{46CE46EC-74E1-4375-A017-AD5E74CD4529} = {B01ADB15-9860-474D-82C0-63A71E851CC3}
		{5D5B1CA4-EC85-43DE-A437-7F1A06E19328} = {7AD93F93-D9FE-48DB-8872-C2FAB1C7D6A8}
		{814E5F28-DC91-4A97-901C-316E8E073A46} = {A3744808-97B5-4028-A579-51FFC8F84F1A}
		{2B22E872-1357-4732-9B68-3C008F7F0BDA} = {7AD93F93-D9FE-48DB-8872-C2FAB1C7D6A8}
		{28089D02-93C3-44FB-B2BD-4D8C19E5B0BF} = {E408096B-33B3-4338-B65A-B76644DC4614}
		{BD840E64-E805-4C71-B941-DF02E9F1827A} = {5D5B1CA4-EC85-43DE-A437-7F1A06E19328}
		{D33E37D8-F9EA-4C2D-A7AF-0F56CDFB499B} = {5FE414C2-4E9C-40A7-AC1F-B8CD7C4335BF}
		{F7E639DC-E501-4D75-A615-6B57EB10F956} = {8330B1F8-3C45-43EF-B1CA-E3F4E153C4ED}
		{137614D0-3EA5-432F-A99F-DD702A5C2427} = {8330B1F8-3C45-43EF-B1CA-E3F4E153C4ED}
		{9239D92F-F240-49CC-8A8B-FB11AD4253CE} = {F7E639DC-E501-4D75-A615-6B57EB10F956}
		{504B7CCA-412E-4363-BB03-B11114465D36} = {E408096B-33B3-4338-B65A-B76644DC4614}
		{4B4B1308-7F3B-4EA9-9187-FEC3447AB460} = {504B7CCA-412E-4363-BB03-B11114465D36}
		{28622640-D088-4AF2-B9D7-50704B3EF21D} = {D537E72A-2429-4F78-A150-5B7F103D42F5}
		{93560D96-C5A5-44A0-BB3A-ED312FB538B5} = {28622640-D088-4AF2-B9D7-50704B3EF21D}
		{3ADEDBF3-7E34-4D02-913B-C2919BB0D855} = {B01ADB15-9860-474D-82C0-63A71E851CC3}
		{5DD128A5-D7B3-4A91-84DF-D0F4E4B86B4E} = {3ADEDBF3-7E34-4D02-913B-C2919BB0D855}
	EndGlobalSection
	GlobalSection(ExtensibilityGlobals) = postSolution
		SolutionGuid = {FB257B6C-643D-471A-9C61-07206CC87817}
	EndGlobalSection
EndGlobal
